
Microsoft Visual Studio Solution File, Format Version 9.00
# Visual Studio 2005
Project("{FAE04EC0-301F-11D3-BF4B-00C04F79EFBC}") = "Innova.Launcher.Shared.Tracking", "Innova.Launcher.Shared.Tracking.csproj", "{FE14950D-BEB0-47B3-8CFA-913661234BB5}"
EndProject
Global
	GlobalSection(SolutionConfigurationPlatforms) = preSolution
		Debug|Any CPU = Debug|Any CPU
		Release|Any CPU = Release|Any CPU
	EndGlobalSection
	GlobalSection(ProjectConfigurationPlatforms) = postSolution
		{FE14950D-BEB0-47B3-8CFA-913661234BB5}.Debug|Any CPU.ActiveCfg = Debug|Any CPU
		{FE14950D-BEB0-47B3-8CFA-913661234BB5}.Debug|Any CPU.Build.0 = Debug|Any CPU
		{FE14950D-BEB0-47B3-8CFA-913661234BB5}.Release|Any CPU.ActiveCfg = Release|Any CPU
		{FE14950D-BEB0-47B3-8CFA-913661234BB5}.Release|Any CPU.Build.0 = Release|Any CPU
	EndGlobalSection
	GlobalSection(SolutionProperties) = preSolution
		HideSolutionNode = FALSE
	EndGlobalSection
EndGlobal
