
Microsoft Visual Studio Solution File, Format Version 9.00
# Visual Studio 2005
Project("{FAE04EC0-301F-11D3-BF4B-00C04F79EFBC}") = "Innova.Launcher.Updater.Core", "Innova.Launcher.Updater.Core.csproj", "{29EBFCB1-19CA-49B2-A163-E1C71BA5F29A}"
EndProject
Global
	GlobalSection(SolutionConfigurationPlatforms) = preSolution
		Debug|Any CPU = Debug|Any CPU
		Release|Any CPU = Release|Any CPU
	EndGlobalSection
	GlobalSection(ProjectConfigurationPlatforms) = postSolution
		{29EBFCB1-19CA-49B2-A163-E1C71BA5F29A}.Debug|Any CPU.ActiveCfg = Debug|Any CPU
		{29EBFCB1-19CA-49B2-A163-E1C71BA5F29A}.Debug|Any CPU.Build.0 = Debug|Any CPU
		{29EBFCB1-19CA-49B2-A163-E1C71BA5F29A}.Release|Any CPU.ActiveCfg = Release|Any CPU
		{29EBFCB1-19CA-49B2-A163-E1C71BA5F29A}.Release|Any CPU.Build.0 = Release|Any CPU
	EndGlobalSection
	GlobalSection(SolutionProperties) = preSolution
		HideSolutionNode = FALSE
	EndGlobalSection
EndGlobal
